{
  "nodes": {
    "certigraph": {
      "flake": false,
      "locked": {
        "lastModified": 1652467123,
        "narHash": "sha256-/GA3w0Y7XtcVpErb0mMRezUS83IGlV4/bAd3tVHpehU=",
        "owner": "CertiGraph",
        "repo": "CertiGraph",
        "rev": "8781550d8a116abb03ac7931f271ce03a5158a74",
        "type": "github"
      },
      "original": {
        "owner": "CertiGraph",
        "repo": "CertiGraph",
        "rev": "8781550d8a116abb03ac7931f271ce03a5158a74",
        "type": "github"
      }
    },
    "nixpkgs": {
      "locked": {
        "lastModified": 1789785513,
        "narHash": "sha256-B44WL6h0XoLjJ41bUPJk0X5SDinLCII//6EcBLXKiJ0=",
        "owner": "NixOS",
        "repo": "nixpkgs",
        "rev": "20b1ddd1aa5ace70c9468305030aa4f9ef79671b",
        "type": "github"
      },
      "original": {
        "owner": "NixOS",
        "ref": "nixos-unstable",
        "repo": "nixpkgs",
        "type": "github"
      }
    },
    "root": {
      "inputs": {
        "certigraph": "certigraph",
        "nixpkgs": "nixpkgs"
      }
    }
  },
  "root": "root",
  "version": 7
}
